
Microsoft Visual Studio Solution File, Format Version 12.00
# Visual Studio 15
VisualStudioVersion = 15.0.27703.2042
MinimumVisualStudioVersion = 10.0.40219.1
Project("{9A19103F-16F7-4668-BE54-9A1E7A4F7556}") = "VideoApi", "VideoApi\VideoApi.csproj", "{96984472-B192-43BB-AF0D-A060E9400EF9}"
EndProject
Project("{9A19103F-16F7-4668-BE54-9A1E7A4F7556}") = "ConsoleAppnetcore", "ConsoleAppnetcore\ConsoleAppnetcore.csproj", "{30BCA961-4C09-4AAD-A679-2456329D89C0}"
EndProject
Project("{FAE04EC0-301F-11D3-BF4B-00C04F79EFBC}") = "ConsoleAppStd", "ConsoleAppStd\ConsoleAppStd.csproj", "{B3ECA96E-4729-41A6-9FC5-34E3FAC6A713}"
EndProject
Project("{FAE04EC0-301F-11D3-BF4B-00C04F79EFBC}") = "AzureServices", "AzureServices\AzureServices.csproj", "{A28FE542-51BB-436E-8298-940FA0891D36}"
EndProject
Project("{FAE04EC0-301F-11D3-BF4B-00C04F79EFBC}") = "dotNetFrameworkAPI", "dotNetFrameworkAPI\dotNetFrameworkAPI.csproj", "{F4509325-D351-4BA2-913A-49E47FAE590C}"
EndProject
Global
	GlobalSection(SolutionConfigurationPlatforms) = preSolution
		Debug|Any CPU = Debug|Any CPU
		Release|Any CPU = Release|Any CPU
	EndGlobalSection
	GlobalSection(ProjectConfigurationPlatforms) = postSolution
		{96984472-B192-43BB-AF0D-A060E9400EF9}.Debug|Any CPU.ActiveCfg = Debug|Any CPU
		{96984472-B192-43BB-AF0D-A060E9400EF9}.Debug|Any CPU.Build.0 = Debug|Any CPU
		{96984472-B192-43BB-AF0D-A060E9400EF9}.Release|Any CPU.ActiveCfg = Release|Any CPU
		{96984472-B192-43BB-AF0D-A060E9400EF9}.Release|Any CPU.Build.0 = Release|Any CPU
		{30BCA961-4C09-4AAD-A679-2456329D89C0}.Debug|Any CPU.ActiveCfg = Debug|Any CPU
		{30BCA961-4C09-4AAD-A679-2456329D89C0}.Debug|Any CPU.Build.0 = Debug|Any CPU
		{30BCA961-4C09-4AAD-A679-2456329D89C0}.Release|Any CPU.ActiveCfg = Release|Any CPU
		{30BCA961-4C09-4AAD-A679-2456329D89C0}.Release|Any CPU.Build.0 = Release|Any CPU
		{B3ECA96E-4729-41A6-9FC5-34E3FAC6A713}.Debug|Any CPU.ActiveCfg = Debug|Any CPU
		{B3ECA96E-4729-41A6-9FC5-34E3FAC6A713}.Debug|Any CPU.Build.0 = Debug|Any CPU
		{B3ECA96E-4729-41A6-9FC5-34E3FAC6A713}.Release|Any CPU.ActiveCfg = Release|Any CPU
		{B3ECA96E-4729-41A6-9FC5-34E3FAC6A713}.Release|Any CPU.Build.0 = Release|Any CPU
		{A28FE542-51BB-436E-8298-940FA0891D36}.Debug|Any CPU.ActiveCfg = Debug|Any CPU
		{A28FE542-51BB-436E-8298-940FA0891D36}.Debug|Any CPU.Build.0 = Debug|Any CPU
		{A28FE542-51BB-436E-8298-940FA0891D36}.Release|Any CPU.ActiveCfg = Release|Any CPU
		{A28FE542-51BB-436E-8298-940FA0891D36}.Release|Any CPU.Build.0 = Release|Any CPU
		{F4509325-D351-4BA2-913A-49E47FAE590C}.Debug|Any CPU.ActiveCfg = Debug|Any CPU
		{F4509325-D351-4BA2-913A-49E47FAE590C}.Debug|Any CPU.Build.0 = Debug|Any CPU
		{F4509325-D351-4BA2-913A-49E47FAE590C}.Release|Any CPU.ActiveCfg = Release|Any CPU
		{F4509325-D351-4BA2-913A-49E47FAE590C}.Release|Any CPU.Build.0 = Release|Any CPU
	EndGlobalSection
	GlobalSection(SolutionProperties) = preSolution
		HideSolutionNode = FALSE
	EndGlobalSection
	GlobalSection(ExtensibilityGlobals) = postSolution
		SolutionGuid = {424BFDF9-24D5-414E-94FF-8D3EE8F7BE28}
	EndGlobalSection
EndGlobal
