
Microsoft Visual Studio Solution File, Format Version 12.00
# Visual Studio 15
VisualStudioVersion = 15.0.27703.2042
MinimumVisualStudioVersion = 10.0.40219.1
Project("{9A19103F-16F7-4668-BE54-9A1E7A4F7556}") = "APIProject", "APIProject\APIProject.csproj", "{8F126CCE-C26E-4A3F-92A7-3A88B60AC781}"
EndProject
Project("{FAE04EC0-301F-11D3-BF4B-00C04F79EFBC}") = "AzureCognitiveServices", "AzureCognitiveServices\AzureCognitiveServices.csproj", "{6A212572-9A98-4C4C-8EE9-62404B751DF0}"
EndProject
Project("{FAE04EC0-301F-11D3-BF4B-00C04F79EFBC}") = "ConsoleApp_STD", "ConsoleApp_STD\ConsoleApp_STD.csproj", "{8F191E81-A55F-4EE9-A33D-774A3CEDDB9C}"
EndProject
Project("{FAE04EC0-301F-11D3-BF4B-00C04F79EFBC}") = "HelperApiNetFramework", "HelperApiNetFramework\HelperApiNetFramework.csproj", "{684F43EF-EA3A-423E-8004-DA423EC10FB8}"
EndProject
Global
	GlobalSection(SolutionConfigurationPlatforms) = preSolution
		Debug|Any CPU = Debug|Any CPU
		Release|Any CPU = Release|Any CPU
	EndGlobalSection
	GlobalSection(ProjectConfigurationPlatforms) = postSolution
		{8F126CCE-C26E-4A3F-92A7-3A88B60AC781}.Debug|Any CPU.ActiveCfg = Debug|Any CPU
		{8F126CCE-C26E-4A3F-92A7-3A88B60AC781}.Debug|Any CPU.Build.0 = Debug|Any CPU
		{8F126CCE-C26E-4A3F-92A7-3A88B60AC781}.Release|Any CPU.ActiveCfg = Release|Any CPU
		{8F126CCE-C26E-4A3F-92A7-3A88B60AC781}.Release|Any CPU.Build.0 = Release|Any CPU
		{6A212572-9A98-4C4C-8EE9-62404B751DF0}.Debug|Any CPU.ActiveCfg = Debug|Any CPU
		{6A212572-9A98-4C4C-8EE9-62404B751DF0}.Debug|Any CPU.Build.0 = Debug|Any CPU
		{6A212572-9A98-4C4C-8EE9-62404B751DF0}.Release|Any CPU.ActiveCfg = Release|Any CPU
		{6A212572-9A98-4C4C-8EE9-62404B751DF0}.Release|Any CPU.Build.0 = Release|Any CPU
		{8F191E81-A55F-4EE9-A33D-774A3CEDDB9C}.Debug|Any CPU.ActiveCfg = Debug|Any CPU
		{8F191E81-A55F-4EE9-A33D-774A3CEDDB9C}.Debug|Any CPU.Build.0 = Debug|Any CPU
		{8F191E81-A55F-4EE9-A33D-774A3CEDDB9C}.Release|Any CPU.ActiveCfg = Release|Any CPU
		{8F191E81-A55F-4EE9-A33D-774A3CEDDB9C}.Release|Any CPU.Build.0 = Release|Any CPU
		{684F43EF-EA3A-423E-8004-DA423EC10FB8}.Debug|Any CPU.ActiveCfg = Debug|Any CPU
		{684F43EF-EA3A-423E-8004-DA423EC10FB8}.Debug|Any CPU.Build.0 = Debug|Any CPU
		{684F43EF-EA3A-423E-8004-DA423EC10FB8}.Release|Any CPU.ActiveCfg = Release|Any CPU
		{684F43EF-EA3A-423E-8004-DA423EC10FB8}.Release|Any CPU.Build.0 = Release|Any CPU
	EndGlobalSection
	GlobalSection(SolutionProperties) = preSolution
		HideSolutionNode = FALSE
	EndGlobalSection
	GlobalSection(ExtensibilityGlobals) = postSolution
		SolutionGuid = {E14EA238-4ADF-47F2-A0E9-AE17AE8691DF}
	EndGlobalSection
EndGlobal
